
Microsoft Visual Studio Solution File, Format Version 12.00
# Visual Studio Version 17
VisualStudioVersion = 17.9.34616.47
MinimumVisualStudioVersion = 10.0.40219.1
Project("{9A19103F-16F7-4668-BE54-9A1E7A4F7556}") = "Accesssp1", "Accesssp1.csproj", "{055542B8-1DD7-4E0D-89F9-9D5FCAC01FA0}"
EndProject
Project("{9A19103F-16F7-4668-BE54-9A1E7A4F7556}") = "Accesssp2", "..\Accesssp2\Accesssp2.csproj", "{4FCAC3A3-1D54-44E9-9458-BDAE56C527BA}"
EndProject
Project("{9A19103F-16F7-4668-BE54-9A1E7A4F7556}") = "AccessSpecifier2", "..\AccessSpecifier2\AccessSpecifier2.csproj", "{0851BA0F-A219-43D1-AF09-B45A36298F62}"
EndProject
Project("{9A19103F-16F7-4668-BE54-9A1E7A4F7556}") = "AccessSpecifiers1", "..\AccessSpecifiers1\AccessSpecifiers1.csproj", "{67121F72-2D5E-435F-AB49-FC550DC1382E}"
EndProject
Global
	GlobalSection(SolutionConfigurationPlatforms) = preSolution
		Debug|Any CPU = Debug|Any CPU
		Release|Any CPU = Release|Any CPU
	EndGlobalSection
	GlobalSection(ProjectConfigurationPlatforms) = postSolution
		{055542B8-1DD7-4E0D-89F9-9D5FCAC01FA0}.Debug|Any CPU.ActiveCfg = Debug|Any CPU
		{055542B8-1DD7-4E0D-89F9-9D5FCAC01FA0}.Debug|Any CPU.Build.0 = Debug|Any CPU
		{055542B8-1DD7-4E0D-89F9-9D5FCAC01FA0}.Release|Any CPU.ActiveCfg = Release|Any CPU
		{055542B8-1DD7-4E0D-89F9-9D5FCAC01FA0}.Release|Any CPU.Build.0 = Release|Any CPU
		{4FCAC3A3-1D54-44E9-9458-BDAE56C527BA}.Debug|Any CPU.ActiveCfg = Debug|Any CPU
		{4FCAC3A3-1D54-44E9-9458-BDAE56C527BA}.Debug|Any CPU.Build.0 = Debug|Any CPU
		{4FCAC3A3-1D54-44E9-9458-BDAE56C527BA}.Release|Any CPU.ActiveCfg = Release|Any CPU
		{4FCAC3A3-1D54-44E9-9458-BDAE56C527BA}.Release|Any CPU.Build.0 = Release|Any CPU
		{0851BA0F-A219-43D1-AF09-B45A36298F62}.Debug|Any CPU.ActiveCfg = Debug|Any CPU
		{0851BA0F-A219-43D1-AF09-B45A36298F62}.Debug|Any CPU.Build.0 = Debug|Any CPU
		{0851BA0F-A219-43D1-AF09-B45A36298F62}.Release|Any CPU.ActiveCfg = Release|Any CPU
		{0851BA0F-A219-43D1-AF09-B45A36298F62}.Release|Any CPU.Build.0 = Release|Any CPU
		{67121F72-2D5E-435F-AB49-FC550DC1382E}.Debug|Any CPU.ActiveCfg = Debug|Any CPU
		{67121F72-2D5E-435F-AB49-FC550DC1382E}.Debug|Any CPU.Build.0 = Debug|Any CPU
		{67121F72-2D5E-435F-AB49-FC550DC1382E}.Release|Any CPU.ActiveCfg = Release|Any CPU
		{67121F72-2D5E-435F-AB49-FC550DC1382E}.Release|Any CPU.Build.0 = Release|Any CPU
	EndGlobalSection
	GlobalSection(SolutionProperties) = preSolution
		HideSolutionNode = FALSE
	EndGlobalSection
	GlobalSection(ExtensibilityGlobals) = postSolution
		SolutionGuid = {9734744E-1967-4812-A2F5-56CEF5E3C4F0}
	EndGlobalSection
EndGlobal
