
Microsoft Visual Studio Solution File, Format Version 12.00
# Visual Studio Version 17
VisualStudioVersion = 17.9.34728.123
MinimumVisualStudioVersion = 10.0.40219.1
Project("{FAE04EC0-301F-11D3-BF4B-00C04F79EFBC}") = "ConDeligatesandanonymous", "ConDeligatesandanonymous\ConDeligatesandanonymous.csproj", "{3FB0C2EF-F591-4ED6-8D1D-8DB80F706492}"
EndProject
Global
	GlobalSection(SolutionConfigurationPlatforms) = preSolution
		Debug|Any CPU = Debug|Any CPU
		Release|Any CPU = Release|Any CPU
	EndGlobalSection
	GlobalSection(ProjectConfigurationPlatforms) = postSolution
		{3FB0C2EF-F591-4ED6-8D1D-8DB80F706492}.Debug|Any CPU.ActiveCfg = Debug|Any CPU
		{3FB0C2EF-F591-4ED6-8D1D-8DB80F706492}.Debug|Any CPU.Build.0 = Debug|Any CPU
		{3FB0C2EF-F591-4ED6-8D1D-8DB80F706492}.Release|Any CPU.ActiveCfg = Release|Any CPU
		{3FB0C2EF-F591-4ED6-8D1D-8DB80F706492}.Release|Any CPU.Build.0 = Release|Any CPU
	EndGlobalSection
	GlobalSection(SolutionProperties) = preSolution
		HideSolutionNode = FALSE
	EndGlobalSection
	GlobalSection(ExtensibilityGlobals) = postSolution
		SolutionGuid = {B4CDB609-7AFF-408D-AB40-6FE1DF3DB6F4}
	EndGlobalSection
EndGlobal
