
Microsoft Visual Studio Solution File, Format Version 12.00
# Visual Studio Version 17
VisualStudioVersion = 17.9.34616.47
MinimumVisualStudioVersion = 10.0.40219.1
Project("{9A19103F-16F7-4668-BE54-9A1E7A4F7556}") = "Csharpbasic", "Csharpbasic.csproj", "{AA295250-2118-408A-AEE5-8735F5257915}"
EndProject
Project("{9A19103F-16F7-4668-BE54-9A1E7A4F7556}") = "Base Keyword", "..\Base Keyword\Base Keyword.csproj", "{060FE3A3-2A85-41A8-A89F-AE88B16D7119}"
EndProject
Project("{FAE04EC0-301F-11D3-BF4B-00C04F79EFBC}") = "Console1", "..\Console1\Console1.csproj", "{157DE58C-6C23-4DDD-9CA2-8D564D0E17AF}"
EndProject
Global
	GlobalSection(SolutionConfigurationPlatforms) = preSolution
		Debug|Any CPU = Debug|Any CPU
		Release|Any CPU = Release|Any CPU
	EndGlobalSection
	GlobalSection(ProjectConfigurationPlatforms) = postSolution
		{AA295250-2118-408A-AEE5-8735F5257915}.Debug|Any CPU.ActiveCfg = Debug|Any CPU
		{AA295250-2118-408A-AEE5-8735F5257915}.Debug|Any CPU.Build.0 = Debug|Any CPU
		{AA295250-2118-408A-AEE5-8735F5257915}.Release|Any CPU.ActiveCfg = Release|Any CPU
		{AA295250-2118-408A-AEE5-8735F5257915}.Release|Any CPU.Build.0 = Release|Any CPU
		{060FE3A3-2A85-41A8-A89F-AE88B16D7119}.Debug|Any CPU.ActiveCfg = Debug|Any CPU
		{060FE3A3-2A85-41A8-A89F-AE88B16D7119}.Debug|Any CPU.Build.0 = Debug|Any CPU
		{060FE3A3-2A85-41A8-A89F-AE88B16D7119}.Release|Any CPU.ActiveCfg = Release|Any CPU
		{060FE3A3-2A85-41A8-A89F-AE88B16D7119}.Release|Any CPU.Build.0 = Release|Any CPU
		{157DE58C-6C23-4DDD-9CA2-8D564D0E17AF}.Debug|Any CPU.ActiveCfg = Debug|Any CPU
		{157DE58C-6C23-4DDD-9CA2-8D564D0E17AF}.Debug|Any CPU.Build.0 = Debug|Any CPU
		{157DE58C-6C23-4DDD-9CA2-8D564D0E17AF}.Release|Any CPU.ActiveCfg = Release|Any CPU
		{157DE58C-6C23-4DDD-9CA2-8D564D0E17AF}.Release|Any CPU.Build.0 = Release|Any CPU
	EndGlobalSection
	GlobalSection(SolutionProperties) = preSolution
		HideSolutionNode = FALSE
	EndGlobalSection
	GlobalSection(ExtensibilityGlobals) = postSolution
		SolutionGuid = {CEDA7072-9561-4FFB-8B14-06D591DB2310}
	EndGlobalSection
EndGlobal
