
Microsoft Visual Studio Solution File, Format Version 12.00
# Visual Studio Version 17
VisualStudioVersion = 17.9.34616.47
MinimumVisualStudioVersion = 10.0.40219.1
Project("{FAE04EC0-301F-11D3-BF4B-00C04F79EFBC}") = "AccessSpecifiers1", "AccessSpecifiers1.csproj", "{5EF05166-9D2E-4BAE-BFE2-C53DD2F31F94}"
EndProject
Project("{FAE04EC0-301F-11D3-BF4B-00C04F79EFBC}") = "AccessSpecifier2", "..\AccessSpecifier2\AccessSpecifier2.csproj", "{DFA8BD17-DB1A-4225-B72D-9F7C15B4EEAD}"
EndProject
Global
	GlobalSection(SolutionConfigurationPlatforms) = preSolution
		Debug|Any CPU = Debug|Any CPU
		Release|Any CPU = Release|Any CPU
	EndGlobalSection
	GlobalSection(ProjectConfigurationPlatforms) = postSolution
		{5EF05166-9D2E-4BAE-BFE2-C53DD2F31F94}.Debug|Any CPU.ActiveCfg = Debug|Any CPU
		{5EF05166-9D2E-4BAE-BFE2-C53DD2F31F94}.Debug|Any CPU.Build.0 = Debug|Any CPU
		{5EF05166-9D2E-4BAE-BFE2-C53DD2F31F94}.Release|Any CPU.ActiveCfg = Release|Any CPU
		{5EF05166-9D2E-4BAE-BFE2-C53DD2F31F94}.Release|Any CPU.Build.0 = Release|Any CPU
		{DFA8BD17-DB1A-4225-B72D-9F7C15B4EEAD}.Debug|Any CPU.ActiveCfg = Debug|Any CPU
		{DFA8BD17-DB1A-4225-B72D-9F7C15B4EEAD}.Debug|Any CPU.Build.0 = Debug|Any CPU
		{DFA8BD17-DB1A-4225-B72D-9F7C15B4EEAD}.Release|Any CPU.ActiveCfg = Release|Any CPU
		{DFA8BD17-DB1A-4225-B72D-9F7C15B4EEAD}.Release|Any CPU.Build.0 = Release|Any CPU
	EndGlobalSection
	GlobalSection(SolutionProperties) = preSolution
		HideSolutionNode = FALSE
	EndGlobalSection
	GlobalSection(ExtensibilityGlobals) = postSolution
		SolutionGuid = {1860E675-3C6B-4C0B-907F-2D37D32D2199}
	EndGlobalSection
EndGlobal
